
Microsoft Visual Studio Solution File, Format Version 12.00
# Visual Studio Version 16
VisualStudioVersion = 16.0.31613.86
MinimumVisualStudioVersion = 10.0.40219.1
Project("{9A19103F-16F7-4668-BE54-9A1E7A4F7556}") = "Problema01", "ManejoDeErrores\Problema01.csproj", "{6A9359AF-CA83-46BA-ACFF-0958F7EE5E8C}"
EndProject
Project("{9A19103F-16F7-4668-BE54-9A1E7A4F7556}") = "Problema02", "Problema02\Problema02.csproj", "{A04B39E2-C114-4E9D-972C-F81C080FCF54}"
EndProject
Project("{9A19103F-16F7-4668-BE54-9A1E7A4F7556}") = "Problema03", "Problema03\Problema03.csproj", "{E1DF44C0-06F9-49F2-89AF-1701EAA8EAED}"
EndProject
Project("{9A19103F-16F7-4668-BE54-9A1E7A4F7556}") = "Problema04", "Problema04\Problema04.csproj", "{37F33BF4-C724-42B8-9A5F-ACF4D71F50CE}"
EndProject
Project("{9A19103F-16F7-4668-BE54-9A1E7A4F7556}") = "ConsoleApp1", "ConsoleApp1\ConsoleApp1.csproj", "{F2885CFF-6379-4437-B10E-A8AF918427F4}"
EndProject
Project("{2150E333-8FDC-42A3-9474-1A3956D46DE8}") = "Solution Items", "Solution Items", "{1437ACC1-B03F-40B3-B021-98F78EC5E85F}"
	ProjectSection(SolutionItems) = preProject
		README.md = README.md
	EndProjectSection
EndProject
Global
	GlobalSection(SolutionConfigurationPlatforms) = preSolution
		Debug|Any CPU = Debug|Any CPU
		Release|Any CPU = Release|Any CPU
	EndGlobalSection
	GlobalSection(ProjectConfigurationPlatforms) = postSolution
		{6A9359AF-CA83-46BA-ACFF-0958F7EE5E8C}.Debug|Any CPU.ActiveCfg = Debug|Any CPU
		{6A9359AF-CA83-46BA-ACFF-0958F7EE5E8C}.Debug|Any CPU.Build.0 = Debug|Any CPU
		{6A9359AF-CA83-46BA-ACFF-0958F7EE5E8C}.Release|Any CPU.ActiveCfg = Release|Any CPU
		{6A9359AF-CA83-46BA-ACFF-0958F7EE5E8C}.Release|Any CPU.Build.0 = Release|Any CPU
		{A04B39E2-C114-4E9D-972C-F81C080FCF54}.Debug|Any CPU.ActiveCfg = Debug|Any CPU
		{A04B39E2-C114-4E9D-972C-F81C080FCF54}.Debug|Any CPU.Build.0 = Debug|Any CPU
		{A04B39E2-C114-4E9D-972C-F81C080FCF54}.Release|Any CPU.ActiveCfg = Release|Any CPU
		{A04B39E2-C114-4E9D-972C-F81C080FCF54}.Release|Any CPU.Build.0 = Release|Any CPU
		{E1DF44C0-06F9-49F2-89AF-1701EAA8EAED}.Debug|Any CPU.ActiveCfg = Debug|Any CPU
		{E1DF44C0-06F9-49F2-89AF-1701EAA8EAED}.Debug|Any CPU.Build.0 = Debug|Any CPU
		{E1DF44C0-06F9-49F2-89AF-1701EAA8EAED}.Release|Any CPU.ActiveCfg = Release|Any CPU
		{E1DF44C0-06F9-49F2-89AF-1701EAA8EAED}.Release|Any CPU.Build.0 = Release|Any CPU
		{37F33BF4-C724-42B8-9A5F-ACF4D71F50CE}.Debug|Any CPU.ActiveCfg = Debug|Any CPU
		{37F33BF4-C724-42B8-9A5F-ACF4D71F50CE}.Debug|Any CPU.Build.0 = Debug|Any CPU
		{37F33BF4-C724-42B8-9A5F-ACF4D71F50CE}.Release|Any CPU.ActiveCfg = Release|Any CPU
		{37F33BF4-C724-42B8-9A5F-ACF4D71F50CE}.Release|Any CPU.Build.0 = Release|Any CPU
		{F2885CFF-6379-4437-B10E-A8AF918427F4}.Debug|Any CPU.ActiveCfg = Debug|Any CPU
		{F2885CFF-6379-4437-B10E-A8AF918427F4}.Debug|Any CPU.Build.0 = Debug|Any CPU
		{F2885CFF-6379-4437-B10E-A8AF918427F4}.Release|Any CPU.ActiveCfg = Release|Any CPU
		{F2885CFF-6379-4437-B10E-A8AF918427F4}.Release|Any CPU.Build.0 = Release|Any CPU
	EndGlobalSection
	GlobalSection(SolutionProperties) = preSolution
		HideSolutionNode = FALSE
	EndGlobalSection
	GlobalSection(ExtensibilityGlobals) = postSolution
		SolutionGuid = {9B146C00-7C9D-4BCC-9AF5-932404453527}
	EndGlobalSection
EndGlobal
